// !$*UTF8*$!
{
	archiveVersion = 1;
	classes = {
	};
	objectVersion = 56;
	objects = {

/* Begin PBXBuildFile section */
		8AA69ACC2A8C5BFA008A853F /* DarterfishApp.swift in Sources */ = {isa = PBXBuildFile; fileRef = 8AA69ACB2A8C5BFA008A853F /* DarterfishApp.swift */; };
		8AA69ACE2A8C5BFA008A853F /* ContentView.swift in Sources */ = {isa = PBXBuildFile; fileRef = 8AA69ACD2A8C5BFA008A853F /* ContentView.swift */; };
		8AA69AD02A8C5BFC008A853F /* Assets.xcassets in Resources */ = {isa = PBXBuildFile; fileRef = 8AA69ACF2A8C5BFC008A853F /* Assets.xcassets */; };
		8AA69AD32A8C5BFC008A853F /* Preview Assets.xcassets in Resources */ = {isa = PBXBuildFile; fileRef = 8AA69AD22A8C5BFC008A853F /* Preview Assets.xcassets */; };
		8AA69ADD2A8C5BFD008A853F /* DarterfishTests.swift in Sources */ = {isa = PBXBuildFile; fileRef = 8AA69ADC2A8C5BFD008A853F /* DarterfishTests.swift */; };
		8AA69AE72A8C5BFD008A853F /* DarterfishUITests.swift in Sources */ = {isa = PBXBuildFile; fileRef = 8AA69AE62A8C5BFD008A853F /* DarterfishUITests.swift */; };
		8AA69AE92A8C5BFD008A853F /* DarterfishUITestsLaunchTests.swift in Sources */ = {isa = PBXBuildFile; fileRef = 8AA69AE82A8C5BFD008A853F /* DarterfishUITestsLaunchTests.swift */; };
/* End PBXBuildFile section */

/* Begin PBXContainerItemProxy section */
		8AA69AD92A8C5BFD008A853F /* PBXContainerItemProxy */ = {
			isa = PBXContainerItemProxy;
			containerPortal = 8AA69AC02A8C5BFA008A853F /* Project object */;
			proxyType = 1;
			remoteGlobalIDString = 8AA69AC72A8C5BFA008A853F;
			remoteInfo = Darterfish;
		};
		8AA69AE32A8C5BFD008A853F /* PBXContainerItemProxy */ = {
			isa = PBXContainerItemProxy;
			containerPortal = 8AA69AC02A8C5BFA008A853F /* Project object */;
			proxyType = 1;
			remoteGlobalIDString = 8AA69AC72A8C5BFA008A853F;
			remoteInfo = Darterfish;
		};
/* End PBXContainerItemProxy section */

/* Begin PBXFileReference section */
		8AA69AC82A8C5BFA008A853F /* Darterfish.app */ = {isa = PBXFileReference; explicitFileType = wrapper.application; includeInIndex = 0; path = Darterfish.app; sourceTree = BUILT_PRODUCTS_DIR; };
		8AA69ACB2A8C5BFA008A853F /* DarterfishApp.swift */ = {isa = PBXFileReference; lastKnownFileType = sourcecode.swift; path = DarterfishApp.swift; sourceTree = "<group>"; };
		8AA69ACD2A8C5BFA008A853F /* ContentView.swift */ = {isa = PBXFileReference; lastKnownFileType = sourcecode.swift; path = ContentView.swift; sourceTree = "<group>"; };
		8AA69ACF2A8C5BFC008A853F /* Assets.xcassets */ = {isa = PBXFileReference; lastKnownFileType = folder.assetcatalog; path = Assets.xcassets; sourceTree = "<group>"; };
		8AA69AD22A8C5BFC008A853F /* Preview Assets.xcassets */ = {isa = PBXFileReference; lastKnownFileType = folder.assetcatalog; path = "Preview Assets.xcassets"; sourceTree = "<group>"; };
		8AA69AD82A8C5BFD008A853F /* DarterfishTests.xctest */ = {isa = PBXFileReference; explicitFileType = wrapper.cfbundle; includeInIndex = 0; path = DarterfishTests.xctest; sourceTree = BUILT_PRODUCTS_DIR; };
		8AA69ADC2A8C5BFD008A853F /* DarterfishTests.swift */ = {isa = PBXFileReference; lastKnownFileType = sourcecode.swift; path = DarterfishTests.swift; sourceTree = "<group>"; };
		8AA69AE22A8C5BFD008A853F /* DarterfishUITests.xctest */ = {isa = PBXFileReference; explicitFileType = wrapper.cfbundle; includeInIndex = 0; path = DarterfishUITests.xctest; sourceTree = BUILT_PRODUCTS_DIR; };
		8AA69AE62A8C5BFD008A853F /* DarterfishUITests.swift */ = {isa = PBXFileReference; lastKnownFileType = sourcecode.swift; path = DarterfishUITests.swift; sourceTree = "<group>"; };
		8AA69AE82A8C5BFD008A853F /* DarterfishUITestsLaunchTests.swift */ = {isa = PBXFileReference; lastKnownFileType = sourcecode.swift; path = DarterfishUITestsLaunchTests.swift; sourceTree = "<group>"; };
/* End PBXFileReference section */

/* Begin PBXFrameworksBuildPhase section */
		8AA69AC52A8C5BFA008A853F /* Frameworks */ = {
			isa = PBXFrameworksBuildPhase;
			buildActionMask = 2147483647;
			files = (
			);
			runOnlyForDeploymentPostprocessing = 0;
		};
		8AA69AD52A8C5BFD008A853F /* Frameworks */ = {
			isa = PBXFrameworksBuildPhase;
			buildActionMask = 2147483647;
			files = (
			);
			runOnlyForDeploymentPostprocessing = 0;
		};
		8AA69ADF2A8C5BFD008A853F /* Frameworks */ = {
			isa = PBXFrameworksBuildPhase;
			buildActionMask = 2147483647;
			files = (
			);
			runOnlyForDeploymentPostprocessing = 0;
		};
/* End PBXFrameworksBuildPhase section */

/* Begin PBXGroup section */
		8AA69ABF2A8C5BFA008A853F = {
			isa = PBXGroup;
			children = (
				8AA69ACA2A8C5BFA008A853F /* Darterfish */,
				8AA69ADB2A8C5BFD008A853F /* DarterfishTests */,
				8AA69AE52A8C5BFD008A853F /* DarterfishUITests */,
				8AA69AC92A8C5BFA008A853F /* Products */,
			);
			sourceTree = "<group>";
		};
		8AA69AC92A8C5BFA008A853F /* Products */ = {
			isa = PBXGroup;
			children = (
				8AA69AC82A8C5BFA008A853F /* Darterfish.app */,
				8AA69AD82A8C5BFD008A853F /* DarterfishTests.xctest */,
				8AA69AE22A8C5BFD008A853F /* DarterfishUITests.xctest */,
			);
			name = Products;
			sourceTree = "<group>";
		};
		8AA69ACA2A8C5BFA008A853F /* Darterfish */ = {
			isa = PBXGroup;
			children = (
				8AA69ACB2A8C5BFA008A853F /* DarterfishApp.swift */,
				8AA69ACD2A8C5BFA008A853F /* ContentView.swift */,
				8AA69ACF2A8C5BFC008A853F /* Assets.xcassets */,
				8AA69AD12A8C5BFC008A853F /* Preview Content */,
			);
			path = Darterfish;
			sourceTree = "<group>";
		};
		8AA69AD12A8C5BFC008A853F /* Preview Content */ = {
			isa = PBXGroup;
			children = (
				8AA69AD22A8C5BFC008A853F /* Preview Assets.xcassets */,
			);
			path = "Preview Content";
			sourceTree = "<group>";
		};
		8AA69ADB2A8C5BFD008A853F /* DarterfishTests */ = {
			isa = PBXGroup;
			children = (
				8AA69ADC2A8C5BFD008A853F /* DarterfishTests.swift */,
			);
			path = DarterfishTests;
			sourceTree = "<group>";
		};
		8AA69AE52A8C5BFD008A853F /* DarterfishUITests */ = {
			isa = PBXGroup;
			children = (
				8AA69AE62A8C5BFD008A853F /* DarterfishUITests.swift */,
				8AA69AE82A8C5BFD008A853F /* DarterfishUITestsLaunchTests.swift */,
			);
			path = DarterfishUITests;
			sourceTree = "<group>";
		};
/* End PBXGroup section */

/* Begin PBXNativeTarget section */
		8AA69AC72A8C5BFA008A853F /* Darterfish */ = {
			isa = PBXNativeTarget;
			buildConfigurationList = 8AA69AEC2A8C5BFD008A853F /* Build configuration list for PBXNativeTarget "Darterfish" */;
			buildPhases = (
				8AA69AC42A8C5BFA008A853F /* Sources */,
				8AA69AC52A8C5BFA008A853F /* Frameworks */,
				8AA69AC62A8C5BFA008A853F /* Resources */,
			);
			buildRules = (
			);
			dependencies = (
			);
			name = Darterfish;
			productName = Darterfish;
			productReference = 8AA69AC82A8C5BFA008A853F /* Darterfish.app */;
			productType = "com.apple.product-type.application";
		};
		8AA69AD72A8C5BFD008A853F /* DarterfishTests */ = {
			isa = PBXNativeTarget;
			buildConfigurationList = 8AA69AEF2A8C5BFD008A853F /* Build configuration list for PBXNativeTarget "DarterfishTests" */;
			buildPhases = (
				8AA69AD42A8C5BFD008A853F /* Sources */,
				8AA69AD52A8C5BFD008A853F /* Frameworks */,
				8AA69AD62A8C5BFD008A853F /* Resources */,
			);
			buildRules = (
			);
			dependencies = (
				8AA69ADA2A8C5BFD008A853F /* PBXTargetDependency */,
			);
			name = DarterfishTests;
			productName = DarterfishTests;
			productReference = 8AA69AD82A8C5BFD008A853F /* DarterfishTests.xctest */;
			productType = "com.apple.product-type.bundle.unit-test";
		};
		8AA69AE12A8C5BFD008A853F /* DarterfishUITests */ = {
			isa = PBXNativeTarget;
			buildConfigurationList = 8AA69AF22A8C5BFD008A853F /* Build configuration list for PBXNativeTarget "DarterfishUITests" */;
			buildPhases = (
				8AA69ADE2A8C5BFD008A853F /* Sources */,
				8AA69ADF2A8C5BFD008A853F /* Frameworks */,
				8AA69AE02A8C5BFD008A853F /* Resources */,
			);
			buildRules = (
			);
			dependencies = (
				8AA69AE42A8C5BFD008A853F /* PBXTargetDependency */,
			);
			name = DarterfishUITests;
			productName = DarterfishUITests;
			productReference = 8AA69AE22A8C5BFD008A853F /* DarterfishUITests.xctest */;
			productType = "com.apple.product-type.bundle.ui-testing";
		};
/* End PBXNativeTarget section */

/* Begin PBXProject section */
		8AA69AC02A8C5BFA008A853F /* Project object */ = {
			isa = PBXProject;
			attributes = {
				BuildIndependentTargetsInParallel = 1;
				LastSwiftUpdateCheck = 1500;
				LastUpgradeCheck = 1500;
				TargetAttributes = {
					8AA69AC72A8C5BFA008A853F = {
						CreatedOnToolsVersion = 15.0;
					};
					8AA69AD72A8C5BFD008A853F = {
						CreatedOnToolsVersion = 15.0;
						TestTargetID = 8AA69AC72A8C5BFA008A853F;
					};
					8AA69AE12A8C5BFD008A853F = {
						CreatedOnToolsVersion = 15.0;
						TestTargetID = 8AA69AC72A8C5BFA008A853F;
					};
				};
			};
			buildConfigurationList = 8AA69AC32A8C5BFA008A853F /* Build configuration list for PBXProject "Darterfish" */;
			compatibilityVersion = "Xcode 14.0";
			developmentRegion = en;
			hasScannedForEncodings = 0;
			knownRegions = (
				en,
				Base,
			);
			mainGroup = 8AA69ABF2A8C5BFA008A853F;
			productRefGroup = 8AA69AC92A8C5BFA008A853F /* Products */;
			projectDirPath = "";
			projectRoot = "";
			targets = (
				8AA69AC72A8C5BFA008A853F /* Darterfish */,
				8AA69AD72A8C5BFD008A853F /* DarterfishTests */,
				8AA69AE12A8C5BFD008A853F /* DarterfishUITests */,
			);
		};
/* End PBXProject section */

/* Begin PBXResourcesBuildPhase section */
		8AA69AC62A8C5BFA008A853F /* Resources */ = {
			isa = PBXResourcesBuildPhase;
			buildActionMask = 2147483647;
			files = (
				8AA69AD32A8C5BFC008A853F /* Preview Assets.xcassets in Resources */,
				8AA69AD02A8C5BFC008A853F /* Assets.xcassets in Resources */,
			);
			runOnlyForDeploymentPostprocessing = 0;
		};
		8AA69AD62A8C5BFD008A853F /* Resources */ = {
			isa = PBXResourcesBuildPhase;
			buildActionMask = 2147483647;
			files = (
			);
			runOnlyForDeploymentPostprocessing = 0;
		};
		8AA69AE02A8C5BFD008A853F /* Resources */ = {
			isa = PBXResourcesBuildPhase;
			buildActionMask = 2147483647;
			files = (
			);
			runOnlyForDeploymentPostprocessing = 0;
		};
/* End PBXResourcesBuildPhase section */

/* Begin PBXSourcesBuildPhase section */
		8AA69AC42A8C5BFA008A853F /* Sources */ = {
			isa = PBXSourcesBuildPhase;
			buildActionMask = 2147483647;
			files = (
				8AA69ACE2A8C5BFA008A853F /* ContentView.swift in Sources */,
				8AA69ACC2A8C5BFA008A853F /* DarterfishApp.swift in Sources */,
			);
			runOnlyForDeploymentPostprocessing = 0;
		};
		8AA69AD42A8C5BFD008A853F /* Sources */ = {
			isa = PBXSourcesBuildPhase;
			buildActionMask = 2147483647;
			files = (
				8AA69ADD2A8C5BFD008A853F /* DarterfishTests.swift in Sources */,
			);
			runOnlyForDeploymentPostprocessing = 0;
		};
		8AA69ADE2A8C5BFD008A853F /* Sources */ = {
			isa = PBXSourcesBuildPhase;
			buildActionMask = 2147483647;
			files = (
				8AA69AE92A8C5BFD008A853F /* DarterfishUITestsLaunchTests.swift in Sources */,
				8AA69AE72A8C5BFD008A853F /* DarterfishUITests.swift in Sources */,
			);
			runOnlyForDeploymentPostprocessing = 0;
		};
/* End PBXSourcesBuildPhase section */

/* Begin PBXTargetDependency section */
		8AA69ADA2A8C5BFD008A853F /* PBXTargetDependency */ = {
			isa = PBXTargetDependency;
			target = 8AA69AC72A8C5BFA008A853F /* Darterfish */;
			targetProxy = 8AA69AD92A8C5BFD008A853F /* PBXContainerItemProxy */;
		};
		8AA69AE42A8C5BFD008A853F /* PBXTargetDependency */ = {
			isa = PBXTargetDependency;
			target = 8AA69AC72A8C5BFA008A853F /* Darterfish */;
			targetProxy = 8AA69AE32A8C5BFD008A853F /* PBXContainerItemProxy */;
		};
/* End PBXTargetDependency section */

/* Begin XCBuildConfiguration section */
		8AA69AEA2A8C5BFD008A853F /* Debug */ = {
			isa = XCBuildConfiguration;
			buildSettings = {
				ALWAYS_SEARCH_USER_PATHS = NO;
				ASSETCATALOG_COMPILER_GENERATE_SWIFT_ASSET_SYMBOL_EXTENSIONS = YES;
				CLANG_ANALYZER_NONNULL = YES;
				CLANG_ANALYZER_NUMBER_OBJECT_CONVERSION = YES_AGGRESSIVE;
				CLANG_CXX_LANGUAGE_STANDARD = "gnu++20";
				CLANG_ENABLE_MODULES = YES;
				CLANG_ENABLE_OBJC_ARC = YES;
				CLANG_ENABLE_OBJC_WEAK = YES;
				CLANG_WARN_BLOCK_CAPTURE_AUTORELEASING = YES;
				CLANG_WARN_BOOL_CONVERSION = YES;
				CLANG_WARN_COMMA = YES;
				CLANG_WARN_CONSTANT_CONVERSION = YES;
				CLANG_WARN_DEPRECATED_OBJC_IMPLEMENTATIONS = YES;
				CLANG_WARN_DIRECT_OBJC_ISA_USAGE = YES_ERROR;
				CLANG_WARN_DOCUMENTATION_COMMENTS = YES;
				CLANG_WARN_EMPTY_BODY = YES;
				CLANG_WARN_ENUM_CONVERSION = YES;
				CLANG_WARN_INFINITE_RECURSION = YES;
				CLANG_WARN_INT_CONVERSION = YES;
				CLANG_WARN_NON_LITERAL_NULL_CONVERSION = YES;
				CLANG_WARN_OBJC_IMPLICIT_RETAIN_SELF = YES;
				CLANG_WARN_OBJC_LITERAL_CONVERSION = YES;
				CLANG_WARN_OBJC_ROOT_CLASS = YES_ERROR;
				CLANG_WARN_QUOTED_INCLUDE_IN_FRAMEWORK_HEADER = YES;
				CLANG_WARN_RANGE_LOOP_ANALYSIS = YES;
				CLANG_WARN_STRICT_PROTOTYPES = YES;
				CLANG_WARN_SUSPICIOUS_MOVE = YES;
				CLANG_WARN_UNGUARDED_AVAILABILITY = YES_AGGRESSIVE;
				CLANG_WARN_UNREACHABLE_CODE = YES;
				CLANG_WARN__DUPLICATE_METHOD_MATCH = YES;
				COPY_PHASE_STRIP = NO;
				DEBUG_INFORMATION_FORMAT = dwarf;
				ENABLE_STRICT_OBJC_MSGSEND = YES;
				ENABLE_TESTABILITY = YES;
				ENABLE_USER_SCRIPT_SANDBOXING = YES;
				GCC_C_LANGUAGE_STANDARD = gnu17;
				GCC_DYNAMIC_NO_PIC = NO;
				GCC_NO_COMMON_BLOCKS = YES;
				GCC_OPTIMIZATION_LEVEL = 0;
				GCC_PREPROCESSOR_DEFINITIONS = (
					"DEBUG=1",
					"$(inherited)",
				);
				GCC_WARN_64_TO_32_BIT_CONVERSION = YES;
				GCC_WARN_ABOUT_RETURN_TYPE = YES_ERROR;
				GCC_WARN_UNDECLARED_SELECTOR = YES;
				GCC_WARN_UNINITIALIZED_AUTOS = YES_AGGRESSIVE;
				GCC_WARN_UNUSED_FUNCTION = YES;
				GCC_WARN_UNUSED_VARIABLE = YES;
				IPHONEOS_DEPLOYMENT_TARGET = 17.0;
				LOCALIZATION_PREFERS_STRING_CATALOGS = YES;
				MTL_ENABLE_DEBUG_INFO = INCLUDE_SOURCE;
				MTL_FAST_MATH = YES;
				ONLY_ACTIVE_ARCH = YES;
				SDKROOT = iphoneos;
				SWIFT_ACTIVE_COMPILATION_CONDITIONS = "DEBUG $(inherited)";
				SWIFT_OPTIMIZATION_LEVEL = "-Onone";
			};
			name = Debug;
		};
		8AA69AEB2A8C5BFD008A853F /* Release */ = {
			isa = XCBuildConfiguration;
			buildSettings = {
				ALWAYS_SEARCH_USER_PATHS = NO;
				ASSETCATALOG_COMPILER_GENERATE_SWIFT_ASSET_SYMBOL_EXTENSIONS = YES;
				CLANG_ANALYZER_NONNULL = YES;
				CLANG_ANALYZER_NUMBER_OBJECT_CONVERSION = YES_AGGRESSIVE;
				CLANG_CXX_LANGUAGE_STANDARD = "gnu++20";
				CLANG_ENABLE_MODULES = YES;
				CLANG_ENABLE_OBJC_ARC = YES;
				CLANG_ENABLE_OBJC_WEAK = YES;
				CLANG_WARN_BLOCK_CAPTURE_AUTORELEASING = YES;
				CLANG_WARN_BOOL_CONVERSION = YES;
				CLANG_WARN_COMMA = YES;
				CLANG_WARN_CONSTANT_CONVERSION = YES;
				CLANG_WARN_DEPRECATED_OBJC_IMPLEMENTATIONS = YES;
				CLANG_WARN_DIRECT_OBJC_ISA_USAGE = YES_ERROR;
				CLANG_WARN_DOCUMENTATION_COMMENTS = YES;
				CLANG_WARN_EMPTY_BODY = YES;
				CLANG_WARN_ENUM_CONVERSION = YES;
				CLANG_WARN_INFINITE_RECURSION = YES;
				CLANG_WARN_INT_CONVERSION = YES;
				CLANG_WARN_NON_LITERAL_NULL_CONVERSION = YES;
				CLANG_WARN_OBJC_IMPLICIT_RETAIN_SELF = YES;
				CLANG_WARN_OBJC_LITERAL_CONVERSION = YES;
				CLANG_WARN_OBJC_ROOT_CLASS = YES_ERROR;
				CLANG_WARN_QUOTED_INCLUDE_IN_FRAMEWORK_HEADER = YES;
				CLANG_WARN_RANGE_LOOP_ANALYSIS = YES;
				CLANG_WARN_STRICT_PROTOTYPES = YES;
				CLANG_WARN_SUSPICIOUS_MOVE = YES;
				CLANG_WARN_UNGUARDED_AVAILABILITY = YES_AGGRESSIVE;
				CLANG_WARN_UNREACHABLE_CODE = YES;
				CLANG_WARN__DUPLICATE_METHOD_MATCH = YES;
				COPY_PHASE_STRIP = NO;
				DEBUG_INFORMATION_FORMAT = "dwarf-with-dsym";
				ENABLE_NS_ASSERTIONS = NO;
				ENABLE_STRICT_OBJC_MSGSEND = YES;
				ENABLE_USER_SCRIPT_SANDBOXING = YES;
				GCC_C_LANGUAGE_STANDARD = gnu17;
				GCC_NO_COMMON_BLOCKS = YES;
				GCC_WARN_64_TO_32_BIT_CONVERSION = YES;
				GCC_WARN_ABOUT_RETURN_TYPE = YES_ERROR;
				GCC_WARN_UNDECLARED_SELECTOR = YES;
				GCC_WARN_UNINITIALIZED_AUTOS = YES_AGGRESSIVE;
				GCC_WARN_UNUSED_FUNCTION = YES;
				GCC_WARN_UNUSED_VARIABLE = YES;
				IPHONEOS_DEPLOYMENT_TARGET = 17.0;
				LOCALIZATION_PREFERS_STRING_CATALOGS = YES;
				MTL_ENABLE_DEBUG_INFO = NO;
				MTL_FAST_MATH = YES;
				SDKROOT = iphoneos;
				SWIFT_COMPILATION_MODE = wholemodule;
				VALIDATE_PRODUCT = YES;
			};
			name = Release;
		};
		8AA69AED2A8C5BFD008A853F /* Debug */ = {
			isa = XCBuildConfiguration;
			buildSettings = {
				ASSETCATALOG_COMPILER_APPICON_NAME = AppIcon;
				ASSETCATALOG_COMPILER_GLOBAL_ACCENT_COLOR_NAME = AccentColor;
				CODE_SIGN_STYLE = Automatic;
				CURRENT_PROJECT_VERSION = 1;
				DEVELOPMENT_ASSET_PATHS = "\"Darterfish/Preview Content\"";
				ENABLE_PREVIEWS = YES;
				GENERATE_INFOPLIST_FILE = YES;
				INFOPLIST_KEY_UIApplicationSceneManifest_Generation = YES;
				INFOPLIST_KEY_UIApplicationSupportsIndirectInputEvents = YES;
				INFOPLIST_KEY_UILaunchScreen_Generation = YES;
				INFOPLIST_KEY_UISupportedInterfaceOrientations_iPad = "UIInterfaceOrientationPortrait UIInterfaceOrientationPortraitUpsideDown UIInterfaceOrientationLandscapeLeft UIInterfaceOrientationLandscapeRight";
				INFOPLIST_KEY_UISupportedInterfaceOrientations_iPhone = "UIInterfaceOrientationPortrait UIInterfaceOrientationLandscapeLeft UIInterfaceOrientationLandscapeRight";
				LD_RUNPATH_SEARCH_PATHS = (
					"$(inherited)",
					"@executable_path/Frameworks",
				);
				MARKETING_VERSION = 1.0;
				PRODUCT_BUNDLE_IDENTIFIER = OffprintStudios.Darterfish;
				PRODUCT_NAME = "$(TARGET_NAME)";
				SWIFT_EMIT_LOC_STRINGS = YES;
				SWIFT_VERSION = 5.0;
				TARGETED_DEVICE_FAMILY = "1,2";
			};
			name = Debug;
		};
		8AA69AEE2A8C5BFD008A853F /* Release */ = {
			isa = XCBuildConfiguration;
			buildSettings = {
				ASSETCATALOG_COMPILER_APPICON_NAME = AppIcon;
				ASSETCATALOG_COMPILER_GLOBAL_ACCENT_COLOR_NAME = AccentColor;
				CODE_SIGN_STYLE = Automatic;
				CURRENT_PROJECT_VERSION = 1;
				DEVELOPMENT_ASSET_PATHS = "\"Darterfish/Preview Content\"";
				ENABLE_PREVIEWS = YES;
				GENERATE_INFOPLIST_FILE = YES;
				INFOPLIST_KEY_UIApplicationSceneManifest_Generation = YES;
				INFOPLIST_KEY_UIApplicationSupportsIndirectInputEvents = YES;
				INFOPLIST_KEY_UILaunchScreen_Generation = YES;
				INFOPLIST_KEY_UISupportedInterfaceOrientations_iPad = "UIInterfaceOrientationPortrait UIInterfaceOrientationPortraitUpsideDown UIInterfaceOrientationLandscapeLeft UIInterfaceOrientationLandscapeRight";
				INFOPLIST_KEY_UISupportedInterfaceOrientations_iPhone = "UIInterfaceOrientationPortrait UIInterfaceOrientationLandscapeLeft UIInterfaceOrientationLandscapeRight";
				LD_RUNPATH_SEARCH_PATHS = (
					"$(inherited)",
					"@executable_path/Frameworks",
				);
				MARKETING_VERSION = 1.0;
				PRODUCT_BUNDLE_IDENTIFIER = OffprintStudios.Darterfish;
				PRODUCT_NAME = "$(TARGET_NAME)";
				SWIFT_EMIT_LOC_STRINGS = YES;
				SWIFT_VERSION = 5.0;
				TARGETED_DEVICE_FAMILY = "1,2";
			};
			name = Release;
		};
		8AA69AF02A8C5BFD008A853F /* Debug */ = {
			isa = XCBuildConfiguration;
			buildSettings = {
				ALWAYS_EMBED_SWIFT_STANDARD_LIBRARIES = YES;
				BUNDLE_LOADER = "$(TEST_HOST)";
				CODE_SIGN_STYLE = Automatic;
				CURRENT_PROJECT_VERSION = 1;
				GENERATE_INFOPLIST_FILE = YES;
				IPHONEOS_DEPLOYMENT_TARGET = 17.0;
				MARKETING_VERSION = 1.0;
				PRODUCT_BUNDLE_IDENTIFIER = OffprintStudios.DarterfishTests;
				PRODUCT_NAME = "$(TARGET_NAME)";
				SWIFT_EMIT_LOC_STRINGS = NO;
				SWIFT_VERSION = 5.0;
				TARGETED_DEVICE_FAMILY = "1,2";
				TEST_HOST = "$(BUILT_PRODUCTS_DIR)/Darterfish.app/$(BUNDLE_EXECUTABLE_FOLDER_PATH)/Darterfish";
			};
			name = Debug;
		};
		8AA69AF12A8C5BFD008A853F /* Release */ = {
			isa = XCBuildConfiguration;
			buildSettings = {
				ALWAYS_EMBED_SWIFT_STANDARD_LIBRARIES = YES;
				BUNDLE_LOADER = "$(TEST_HOST)";
				CODE_SIGN_STYLE = Automatic;
				CURRENT_PROJECT_VERSION = 1;
				GENERATE_INFOPLIST_FILE = YES;
				IPHONEOS_DEPLOYMENT_TARGET = 17.0;
				MARKETING_VERSION = 1.0;
				PRODUCT_BUNDLE_IDENTIFIER = OffprintStudios.DarterfishTests;
				PRODUCT_NAME = "$(TARGET_NAME)";
				SWIFT_EMIT_LOC_STRINGS = NO;
				SWIFT_VERSION = 5.0;
				TARGETED_DEVICE_FAMILY = "1,2";
				TEST_HOST = "$(BUILT_PRODUCTS_DIR)/Darterfish.app/$(BUNDLE_EXECUTABLE_FOLDER_PATH)/Darterfish";
			};
			name = Release;
		};
		8AA69AF32A8C5BFD008A853F /* Debug */ = {
			isa = XCBuildConfiguration;
			buildSettings = {
				ALWAYS_EMBED_SWIFT_STANDARD_LIBRARIES = YES;
				CODE_SIGN_STYLE = Automatic;
				CURRENT_PROJECT_VERSION = 1;
				GENERATE_INFOPLIST_FILE = YES;
				MARKETING_VERSION = 1.0;
				PRODUCT_BUNDLE_IDENTIFIER = OffprintStudios.DarterfishUITests;
				PRODUCT_NAME = "$(TARGET_NAME)";
				SWIFT_EMIT_LOC_STRINGS = NO;
				SWIFT_VERSION = 5.0;
				TARGETED_DEVICE_FAMILY = "1,2";
				TEST_TARGET_NAME = Darterfish;
			};
			name = Debug;
		};
		8AA69AF42A8C5BFD008A853F /* Release */ = {
			isa = XCBuildConfiguration;
			buildSettings = {
				ALWAYS_EMBED_SWIFT_STANDARD_LIBRARIES = YES;
				CODE_SIGN_STYLE = Automatic;
				CURRENT_PROJECT_VERSION = 1;
				GENERATE_INFOPLIST_FILE = YES;
				MARKETING_VERSION = 1.0;
				PRODUCT_BUNDLE_IDENTIFIER = OffprintStudios.DarterfishUITests;
				PRODUCT_NAME = "$(TARGET_NAME)";
				SWIFT_EMIT_LOC_STRINGS = NO;
				SWIFT_VERSION = 5.0;
				TARGETED_DEVICE_FAMILY = "1,2";
				TEST_TARGET_NAME = Darterfish;
			};
			name = Release;
		};
/* End XCBuildConfiguration section */

/* Begin XCConfigurationList section */
		8AA69AC32A8C5BFA008A853F /* Build configuration list for PBXProject "Darterfish" */ = {
			isa = XCConfigurationList;
			buildConfigurations = (
				8AA69AEA2A8C5BFD008A853F /* Debug */,
				8AA69AEB2A8C5BFD008A853F /* Release */,
			);
			defaultConfigurationIsVisible = 0;
			defaultConfigurationName = Release;
		};
		8AA69AEC2A8C5BFD008A853F /* Build configuration list for PBXNativeTarget "Darterfish" */ = {
			isa = XCConfigurationList;
			buildConfigurations = (
				8AA69AED2A8C5BFD008A853F /* Debug */,
				8AA69AEE2A8C5BFD008A853F /* Release */,
			);
			defaultConfigurationIsVisible = 0;
			defaultConfigurationName = Release;
		};
		8AA69AEF2A8C5BFD008A853F /* Build configuration list for PBXNativeTarget "DarterfishTests" */ = {
			isa = XCConfigurationList;
			buildConfigurations = (
				8AA69AF02A8C5BFD008A853F /* Debug */,
				8AA69AF12A8C5BFD008A853F /* Release */,
			);
			defaultConfigurationIsVisible = 0;
			defaultConfigurationName = Release;
		};
		8AA69AF22A8C5BFD008A853F /* Build configuration list for PBXNativeTarget "DarterfishUITests" */ = {
			isa = XCConfigurationList;
			buildConfigurations = (
				8AA69AF32A8C5BFD008A853F /* Debug */,
				8AA69AF42A8C5BFD008A853F /* Release */,
			);
			defaultConfigurationIsVisible = 0;
			defaultConfigurationName = Release;
		};
/* End XCConfigurationList section */
	};
	rootObject = 8AA69AC02A8C5BFA008A853F /* Project object */;
}
