// !$*UTF8*$!
{
	archiveVersion = 1;
	classes = {
	};
	objectVersion = 56;
	objects = {

/* Begin PBXBuildFile section */
		8A1189EA2A8F0FDA00614F1D /* TabNav.swift in Sources */ = {isa = PBXBuildFile; fileRef = 8A1189E92A8F0FDA00614F1D /* TabNav.swift */; };
		8A665AC42A8F00CB00F64607 /* ThemeDefinitions.swift in Sources */ = {isa = PBXBuildFile; fileRef = 8A665AC32A8F00CB00F64607 /* ThemeDefinitions.swift */; };
		8A6F82ED2A8C965300FEFD60 /* TopBarItems.swift in Sources */ = {isa = PBXBuildFile; fileRef = 8A6F82EC2A8C965300FEFD60 /* TopBarItems.swift */; };
		8A6F82F02A8C98F300FEFD60 /* UserSheet.swift in Sources */ = {isa = PBXBuildFile; fileRef = 8A6F82EF2A8C98F300FEFD60 /* UserSheet.swift */; };
		8A6F82F22A8D274800FEFD60 /* SettingsPanel.swift in Sources */ = {isa = PBXBuildFile; fileRef = 8A6F82F12A8D274800FEFD60 /* SettingsPanel.swift */; };
		8A6F82F62A8D2FAA00FEFD60 /* AboutPanel.swift in Sources */ = {isa = PBXBuildFile; fileRef = 8A6F82F52A8D2FAA00FEFD60 /* AboutPanel.swift */; };
		8A6F82F82A8D2FB900FEFD60 /* LocalizationPanel.swift in Sources */ = {isa = PBXBuildFile; fileRef = 8A6F82F72A8D2FB900FEFD60 /* LocalizationPanel.swift */; };
		8A6F82FA2A8D2FC400FEFD60 /* FiltersPanel.swift in Sources */ = {isa = PBXBuildFile; fileRef = 8A6F82F92A8D2FC400FEFD60 /* FiltersPanel.swift */; };
		8A6F82FC2A8D2FD200FEFD60 /* ThemesPanel.swift in Sources */ = {isa = PBXBuildFile; fileRef = 8A6F82FB2A8D2FD200FEFD60 /* ThemesPanel.swift */; };
		8A6F82FE2A8D389A00FEFD60 /* BackButton.swift in Sources */ = {isa = PBXBuildFile; fileRef = 8A6F82FD2A8D389A00FEFD60 /* BackButton.swift */; };
		8A82711E2A8DB8BD00E24A3E /* AlertKit in Frameworks */ = {isa = PBXBuildFile; productRef = 8A82711D2A8DB8BD00E24A3E /* AlertKit */; };
		8A8271212A8DB9C500E24A3E /* Functions.swift in Sources */ = {isa = PBXBuildFile; fileRef = 8A8271202A8DB9C500E24A3E /* Functions.swift */; };
		8A8271242A8DCC6000E24A3E /* UserSettings.swift in Sources */ = {isa = PBXBuildFile; fileRef = 8A8271232A8DCC6000E24A3E /* UserSettings.swift */; };
		8AA69ACC2A8C5BFA008A853F /* DarterfishApp.swift in Sources */ = {isa = PBXBuildFile; fileRef = 8AA69ACB2A8C5BFA008A853F /* DarterfishApp.swift */; };
		8AA69ACE2A8C5BFA008A853F /* ContentView.swift in Sources */ = {isa = PBXBuildFile; fileRef = 8AA69ACD2A8C5BFA008A853F /* ContentView.swift */; };
		8AA69AD02A8C5BFC008A853F /* Assets.xcassets in Resources */ = {isa = PBXBuildFile; fileRef = 8AA69ACF2A8C5BFC008A853F /* Assets.xcassets */; };
		8AA69AD32A8C5BFC008A853F /* Preview Assets.xcassets in Resources */ = {isa = PBXBuildFile; fileRef = 8AA69AD22A8C5BFC008A853F /* Preview Assets.xcassets */; };
		8AA69ADD2A8C5BFD008A853F /* DarterfishTests.swift in Sources */ = {isa = PBXBuildFile; fileRef = 8AA69ADC2A8C5BFD008A853F /* DarterfishTests.swift */; };
		8AA69AE72A8C5BFD008A853F /* DarterfishUITests.swift in Sources */ = {isa = PBXBuildFile; fileRef = 8AA69AE62A8C5BFD008A853F /* DarterfishUITests.swift */; };
		8AA69AE92A8C5BFD008A853F /* DarterfishUITestsLaunchTests.swift in Sources */ = {isa = PBXBuildFile; fileRef = 8AA69AE82A8C5BFD008A853F /* DarterfishUITestsLaunchTests.swift */; };
		8AA69AF72A8C6080008A853F /* ExplorePage.swift in Sources */ = {isa = PBXBuildFile; fileRef = 8AA69AF62A8C6080008A853F /* ExplorePage.swift */; };
		8AA69AF92A8C60F0008A853F /* SocialPage.swift in Sources */ = {isa = PBXBuildFile; fileRef = 8AA69AF82A8C60F0008A853F /* SocialPage.swift */; };
		8AA69AFB2A8C60FC008A853F /* LibraryPage.swift in Sources */ = {isa = PBXBuildFile; fileRef = 8AA69AFA2A8C60FC008A853F /* LibraryPage.swift */; };
		8AA69AFD2A8C6115008A853F /* SearchPage.swift in Sources */ = {isa = PBXBuildFile; fileRef = 8AA69AFC2A8C6115008A853F /* SearchPage.swift */; };
		8AA69B012A8C6F08008A853F /* Theme.swift in Sources */ = {isa = PBXBuildFile; fileRef = 8AA69B002A8C6F08008A853F /* Theme.swift */; };
		8AA69B0D2A8C72AF008A853F /* ThemeManager.swift in Sources */ = {isa = PBXBuildFile; fileRef = 8AA69B0C2A8C72AF008A853F /* ThemeManager.swift */; };
		8AA69B4F2A8C7EF2008A853F /* JosefinSans-Light.ttf in Resources */ = {isa = PBXBuildFile; fileRef = 8AA69B412A8C7EEF008A853F /* JosefinSans-Light.ttf */; };
		8AA69B502A8C7EF2008A853F /* JosefinSans-LightItalic.ttf in Resources */ = {isa = PBXBuildFile; fileRef = 8AA69B422A8C7EF0008A853F /* JosefinSans-LightItalic.ttf */; };
		8AA69B512A8C7EF2008A853F /* JosefinSans-ThinItalic.ttf in Resources */ = {isa = PBXBuildFile; fileRef = 8AA69B432A8C7EF0008A853F /* JosefinSans-ThinItalic.ttf */; };
		8AA69B522A8C7EF2008A853F /* JosefinSans-Regular.ttf in Resources */ = {isa = PBXBuildFile; fileRef = 8AA69B442A8C7EF0008A853F /* JosefinSans-Regular.ttf */; };
		8AA69B532A8C7EF2008A853F /* JosefinSans-Italic.ttf in Resources */ = {isa = PBXBuildFile; fileRef = 8AA69B452A8C7EF0008A853F /* JosefinSans-Italic.ttf */; };
		8AA69B542A8C7EF2008A853F /* JosefinSans-MediumItalic.ttf in Resources */ = {isa = PBXBuildFile; fileRef = 8AA69B462A8C7EF0008A853F /* JosefinSans-MediumItalic.ttf */; };
		8AA69B552A8C7EF2008A853F /* JosefinSans-Medium.ttf in Resources */ = {isa = PBXBuildFile; fileRef = 8AA69B472A8C7EF0008A853F /* JosefinSans-Medium.ttf */; };
		8AA69B562A8C7EF2008A853F /* JosefinSans-ExtraLightItalic.ttf in Resources */ = {isa = PBXBuildFile; fileRef = 8AA69B482A8C7EF1008A853F /* JosefinSans-ExtraLightItalic.ttf */; };
		8AA69B572A8C7EF2008A853F /* JosefinSans-BoldItalic.ttf in Resources */ = {isa = PBXBuildFile; fileRef = 8AA69B492A8C7EF1008A853F /* JosefinSans-BoldItalic.ttf */; };
		8AA69B582A8C7EF2008A853F /* JosefinSans-Bold.ttf in Resources */ = {isa = PBXBuildFile; fileRef = 8AA69B4A2A8C7EF1008A853F /* JosefinSans-Bold.ttf */; };
		8AA69B592A8C7EF2008A853F /* JosefinSans-SemiBold.ttf in Resources */ = {isa = PBXBuildFile; fileRef = 8AA69B4B2A8C7EF1008A853F /* JosefinSans-SemiBold.ttf */; };
		8AA69B5A2A8C7EF2008A853F /* JosefinSans-SemiBoldItalic.ttf in Resources */ = {isa = PBXBuildFile; fileRef = 8AA69B4C2A8C7EF2008A853F /* JosefinSans-SemiBoldItalic.ttf */; };
		8AA69B5B2A8C7EF2008A853F /* JosefinSans-Thin.ttf in Resources */ = {isa = PBXBuildFile; fileRef = 8AA69B4D2A8C7EF2008A853F /* JosefinSans-Thin.ttf */; };
		8AA69B5C2A8C7EF2008A853F /* JosefinSans-ExtraLight.ttf in Resources */ = {isa = PBXBuildFile; fileRef = 8AA69B4E2A8C7EF2008A853F /* JosefinSans-ExtraLight.ttf */; };
		8AA69B5E2A8C7EFB008A853F /* JosefinSans.ttf in Resources */ = {isa = PBXBuildFile; fileRef = 8AA69B5D2A8C7EFB008A853F /* JosefinSans.ttf */; };
		8ADF86472A8F29E500DC2B71 /* ActivityPage.swift in Sources */ = {isa = PBXBuildFile; fileRef = 8ADF86462A8F29E500DC2B71 /* ActivityPage.swift */; };
/* End PBXBuildFile section */

/* Begin PBXContainerItemProxy section */
		8AA69AD92A8C5BFD008A853F /* PBXContainerItemProxy */ = {
			isa = PBXContainerItemProxy;
			containerPortal = 8AA69AC02A8C5BFA008A853F /* Project object */;
			proxyType = 1;
			remoteGlobalIDString = 8AA69AC72A8C5BFA008A853F;
			remoteInfo = Darterfish;
		};
		8AA69AE32A8C5BFD008A853F /* PBXContainerItemProxy */ = {
			isa = PBXContainerItemProxy;
			containerPortal = 8AA69AC02A8C5BFA008A853F /* Project object */;
			proxyType = 1;
			remoteGlobalIDString = 8AA69AC72A8C5BFA008A853F;
			remoteInfo = Darterfish;
		};
/* End PBXContainerItemProxy section */

/* Begin PBXFileReference section */
		8A1189E92A8F0FDA00614F1D /* TabNav.swift */ = {isa = PBXFileReference; lastKnownFileType = sourcecode.swift; path = TabNav.swift; sourceTree = "<group>"; };
		8A665AC32A8F00CB00F64607 /* ThemeDefinitions.swift */ = {isa = PBXFileReference; lastKnownFileType = sourcecode.swift; path = ThemeDefinitions.swift; sourceTree = "<group>"; };
		8A6F82EC2A8C965300FEFD60 /* TopBarItems.swift */ = {isa = PBXFileReference; lastKnownFileType = sourcecode.swift; path = TopBarItems.swift; sourceTree = "<group>"; };
		8A6F82EF2A8C98F300FEFD60 /* UserSheet.swift */ = {isa = PBXFileReference; lastKnownFileType = sourcecode.swift; path = UserSheet.swift; sourceTree = "<group>"; };
		8A6F82F12A8D274800FEFD60 /* SettingsPanel.swift */ = {isa = PBXFileReference; lastKnownFileType = sourcecode.swift; path = SettingsPanel.swift; sourceTree = "<group>"; };
		8A6F82F52A8D2FAA00FEFD60 /* AboutPanel.swift */ = {isa = PBXFileReference; lastKnownFileType = sourcecode.swift; path = AboutPanel.swift; sourceTree = "<group>"; };
		8A6F82F72A8D2FB900FEFD60 /* LocalizationPanel.swift */ = {isa = PBXFileReference; lastKnownFileType = sourcecode.swift; path = LocalizationPanel.swift; sourceTree = "<group>"; };
		8A6F82F92A8D2FC400FEFD60 /* FiltersPanel.swift */ = {isa = PBXFileReference; lastKnownFileType = sourcecode.swift; path = FiltersPanel.swift; sourceTree = "<group>"; };
		8A6F82FB2A8D2FD200FEFD60 /* ThemesPanel.swift */ = {isa = PBXFileReference; lastKnownFileType = sourcecode.swift; path = ThemesPanel.swift; sourceTree = "<group>"; };
		8A6F82FD2A8D389A00FEFD60 /* BackButton.swift */ = {isa = PBXFileReference; lastKnownFileType = sourcecode.swift; path = BackButton.swift; sourceTree = "<group>"; };
		8A8271202A8DB9C500E24A3E /* Functions.swift */ = {isa = PBXFileReference; lastKnownFileType = sourcecode.swift; path = Functions.swift; sourceTree = "<group>"; };
		8A8271232A8DCC6000E24A3E /* UserSettings.swift */ = {isa = PBXFileReference; lastKnownFileType = sourcecode.swift; path = UserSettings.swift; sourceTree = "<group>"; };
		8AA69AC82A8C5BFA008A853F /* Darterfish.app */ = {isa = PBXFileReference; explicitFileType = wrapper.application; includeInIndex = 0; path = Darterfish.app; sourceTree = BUILT_PRODUCTS_DIR; };
		8AA69ACB2A8C5BFA008A853F /* DarterfishApp.swift */ = {isa = PBXFileReference; lastKnownFileType = sourcecode.swift; path = DarterfishApp.swift; sourceTree = "<group>"; };
		8AA69ACD2A8C5BFA008A853F /* ContentView.swift */ = {isa = PBXFileReference; lastKnownFileType = sourcecode.swift; path = ContentView.swift; sourceTree = "<group>"; };
		8AA69ACF2A8C5BFC008A853F /* Assets.xcassets */ = {isa = PBXFileReference; lastKnownFileType = folder.assetcatalog; path = Assets.xcassets; sourceTree = "<group>"; };
		8AA69AD22A8C5BFC008A853F /* Preview Assets.xcassets */ = {isa = PBXFileReference; lastKnownFileType = folder.assetcatalog; path = "Preview Assets.xcassets"; sourceTree = "<group>"; };
		8AA69AD82A8C5BFD008A853F /* DarterfishTests.xctest */ = {isa = PBXFileReference; explicitFileType = wrapper.cfbundle; includeInIndex = 0; path = DarterfishTests.xctest; sourceTree = BUILT_PRODUCTS_DIR; };
		8AA69ADC2A8C5BFD008A853F /* DarterfishTests.swift */ = {isa = PBXFileReference; lastKnownFileType = sourcecode.swift; path = DarterfishTests.swift; sourceTree = "<group>"; };
		8AA69AE22A8C5BFD008A853F /* DarterfishUITests.xctest */ = {isa = PBXFileReference; explicitFileType = wrapper.cfbundle; includeInIndex = 0; path = DarterfishUITests.xctest; sourceTree = BUILT_PRODUCTS_DIR; };
		8AA69AE62A8C5BFD008A853F /* DarterfishUITests.swift */ = {isa = PBXFileReference; lastKnownFileType = sourcecode.swift; path = DarterfishUITests.swift; sourceTree = "<group>"; };
		8AA69AE82A8C5BFD008A853F /* DarterfishUITestsLaunchTests.swift */ = {isa = PBXFileReference; lastKnownFileType = sourcecode.swift; path = DarterfishUITestsLaunchTests.swift; sourceTree = "<group>"; };
		8AA69AF62A8C6080008A853F /* ExplorePage.swift */ = {isa = PBXFileReference; lastKnownFileType = sourcecode.swift; path = ExplorePage.swift; sourceTree = "<group>"; };
		8AA69AF82A8C60F0008A853F /* SocialPage.swift */ = {isa = PBXFileReference; lastKnownFileType = sourcecode.swift; path = SocialPage.swift; sourceTree = "<group>"; };
		8AA69AFA2A8C60FC008A853F /* LibraryPage.swift */ = {isa = PBXFileReference; lastKnownFileType = sourcecode.swift; path = LibraryPage.swift; sourceTree = "<group>"; };
		8AA69AFC2A8C6115008A853F /* SearchPage.swift */ = {isa = PBXFileReference; lastKnownFileType = sourcecode.swift; path = SearchPage.swift; sourceTree = "<group>"; };
		8AA69B002A8C6F08008A853F /* Theme.swift */ = {isa = PBXFileReference; lastKnownFileType = sourcecode.swift; path = Theme.swift; sourceTree = "<group>"; };
		8AA69B0C2A8C72AF008A853F /* ThemeManager.swift */ = {isa = PBXFileReference; lastKnownFileType = sourcecode.swift; path = ThemeManager.swift; sourceTree = "<group>"; };
		8AA69B132A8C7464008A853F /* Info.plist */ = {isa = PBXFileReference; lastKnownFileType = text.plist; path = Info.plist; sourceTree = "<group>"; };
		8AA69B412A8C7EEF008A853F /* JosefinSans-Light.ttf */ = {isa = PBXFileReference; lastKnownFileType = file; path = "JosefinSans-Light.ttf"; sourceTree = "<group>"; };
		8AA69B422A8C7EF0008A853F /* JosefinSans-LightItalic.ttf */ = {isa = PBXFileReference; lastKnownFileType = file; path = "JosefinSans-LightItalic.ttf"; sourceTree = "<group>"; };
		8AA69B432A8C7EF0008A853F /* JosefinSans-ThinItalic.ttf */ = {isa = PBXFileReference; lastKnownFileType = file; path = "JosefinSans-ThinItalic.ttf"; sourceTree = "<group>"; };
		8AA69B442A8C7EF0008A853F /* JosefinSans-Regular.ttf */ = {isa = PBXFileReference; lastKnownFileType = file; path = "JosefinSans-Regular.ttf"; sourceTree = "<group>"; };
		8AA69B452A8C7EF0008A853F /* JosefinSans-Italic.ttf */ = {isa = PBXFileReference; lastKnownFileType = file; path = "JosefinSans-Italic.ttf"; sourceTree = "<group>"; };
		8AA69B462A8C7EF0008A853F /* JosefinSans-MediumItalic.ttf */ = {isa = PBXFileReference; lastKnownFileType = file; path = "JosefinSans-MediumItalic.ttf"; sourceTree = "<group>"; };
		8AA69B472A8C7EF0008A853F /* JosefinSans-Medium.ttf */ = {isa = PBXFileReference; lastKnownFileType = file; path = "JosefinSans-Medium.ttf"; sourceTree = "<group>"; };
		8AA69B482A8C7EF1008A853F /* JosefinSans-ExtraLightItalic.ttf */ = {isa = PBXFileReference; lastKnownFileType = file; path = "JosefinSans-ExtraLightItalic.ttf"; sourceTree = "<group>"; };
		8AA69B492A8C7EF1008A853F /* JosefinSans-BoldItalic.ttf */ = {isa = PBXFileReference; lastKnownFileType = file; path = "JosefinSans-BoldItalic.ttf"; sourceTree = "<group>"; };
		8AA69B4A2A8C7EF1008A853F /* JosefinSans-Bold.ttf */ = {isa = PBXFileReference; lastKnownFileType = file; path = "JosefinSans-Bold.ttf"; sourceTree = "<group>"; };
		8AA69B4B2A8C7EF1008A853F /* JosefinSans-SemiBold.ttf */ = {isa = PBXFileReference; lastKnownFileType = file; path = "JosefinSans-SemiBold.ttf"; sourceTree = "<group>"; };
		8AA69B4C2A8C7EF2008A853F /* JosefinSans-SemiBoldItalic.ttf */ = {isa = PBXFileReference; lastKnownFileType = file; path = "JosefinSans-SemiBoldItalic.ttf"; sourceTree = "<group>"; };
		8AA69B4D2A8C7EF2008A853F /* JosefinSans-Thin.ttf */ = {isa = PBXFileReference; lastKnownFileType = file; path = "JosefinSans-Thin.ttf"; sourceTree = "<group>"; };
		8AA69B4E2A8C7EF2008A853F /* JosefinSans-ExtraLight.ttf */ = {isa = PBXFileReference; lastKnownFileType = file; path = "JosefinSans-ExtraLight.ttf"; sourceTree = "<group>"; };
		8AA69B5D2A8C7EFB008A853F /* JosefinSans.ttf */ = {isa = PBXFileReference; lastKnownFileType = file; path = JosefinSans.ttf; sourceTree = "<group>"; };
		8ADF86462A8F29E500DC2B71 /* ActivityPage.swift */ = {isa = PBXFileReference; lastKnownFileType = sourcecode.swift; path = ActivityPage.swift; sourceTree = "<group>"; };
/* End PBXFileReference section */

/* Begin PBXFrameworksBuildPhase section */
		8AA69AC52A8C5BFA008A853F /* Frameworks */ = {
			isa = PBXFrameworksBuildPhase;
			buildActionMask = 2147483647;
			files = (
				8A82711E2A8DB8BD00E24A3E /* AlertKit in Frameworks */,
			);
			runOnlyForDeploymentPostprocessing = 0;
		};
		8AA69AD52A8C5BFD008A853F /* Frameworks */ = {
			isa = PBXFrameworksBuildPhase;
			buildActionMask = 2147483647;
			files = (
			);
			runOnlyForDeploymentPostprocessing = 0;
		};
		8AA69ADF2A8C5BFD008A853F /* Frameworks */ = {
			isa = PBXFrameworksBuildPhase;
			buildActionMask = 2147483647;
			files = (
			);
			runOnlyForDeploymentPostprocessing = 0;
		};
/* End PBXFrameworksBuildPhase section */

/* Begin PBXGroup section */
		8A6F82EB2A8C963E00FEFD60 /* Nav */ = {
			isa = PBXGroup;
			children = (
				8A6F82EC2A8C965300FEFD60 /* TopBarItems.swift */,
				8A6F82FD2A8D389A00FEFD60 /* BackButton.swift */,
				8A1189E92A8F0FDA00614F1D /* TabNav.swift */,
			);
			path = Nav;
			sourceTree = "<group>";
		};
		8A6F82EE2A8C98E200FEFD60 /* User */ = {
			isa = PBXGroup;
			children = (
				8A6F82EF2A8C98F300FEFD60 /* UserSheet.swift */,
				8A6F82F32A8D2F8900FEFD60 /* Settings */,
			);
			path = User;
			sourceTree = "<group>";
		};
		8A6F82F32A8D2F8900FEFD60 /* Settings */ = {
			isa = PBXGroup;
			children = (
				8A6F82F12A8D274800FEFD60 /* SettingsPanel.swift */,
				8A6F82F42A8D2F9700FEFD60 /* General */,
			);
			path = Settings;
			sourceTree = "<group>";
		};
		8A6F82F42A8D2F9700FEFD60 /* General */ = {
			isa = PBXGroup;
			children = (
				8A6F82F52A8D2FAA00FEFD60 /* AboutPanel.swift */,
				8A6F82F72A8D2FB900FEFD60 /* LocalizationPanel.swift */,
				8A6F82F92A8D2FC400FEFD60 /* FiltersPanel.swift */,
				8A6F82FB2A8D2FD200FEFD60 /* ThemesPanel.swift */,
			);
			path = General;
			sourceTree = "<group>";
		};
		8A8271222A8DBA8500E24A3E /* UI */ = {
			isa = PBXGroup;
			children = (
				8AA69AFF2A8C6EFE008A853F /* Themes */,
				8A6F82EB2A8C963E00FEFD60 /* Nav */,
				8A6F82EE2A8C98E200FEFD60 /* User */,
			);
			path = UI;
			sourceTree = "<group>";
		};
		8AA69ABF2A8C5BFA008A853F = {
			isa = PBXGroup;
			children = (
				8AA69ACA2A8C5BFA008A853F /* Darterfish */,
				8AA69ADB2A8C5BFD008A853F /* DarterfishTests */,
				8AA69AE52A8C5BFD008A853F /* DarterfishUITests */,
				8AA69AC92A8C5BFA008A853F /* Products */,
			);
			sourceTree = "<group>";
		};
		8AA69AC92A8C5BFA008A853F /* Products */ = {
			isa = PBXGroup;
			children = (
				8AA69AC82A8C5BFA008A853F /* Darterfish.app */,
				8AA69AD82A8C5BFD008A853F /* DarterfishTests.xctest */,
				8AA69AE22A8C5BFD008A853F /* DarterfishUITests.xctest */,
			);
			name = Products;
			sourceTree = "<group>";
		};
		8AA69ACA2A8C5BFA008A853F /* Darterfish */ = {
			isa = PBXGroup;
			children = (
				8A8271222A8DBA8500E24A3E /* UI */,
				8AA69B142A8C7525008A853F /* Fonts */,
				8AA69AFE2A8C6EF8008A853F /* Util */,
				8AA69AF52A8C6072008A853F /* Pages */,
				8AA69ACB2A8C5BFA008A853F /* DarterfishApp.swift */,
				8AA69ACD2A8C5BFA008A853F /* ContentView.swift */,
				8AA69ACF2A8C5BFC008A853F /* Assets.xcassets */,
				8AA69B132A8C7464008A853F /* Info.plist */,
				8AA69AD12A8C5BFC008A853F /* Preview Content */,
			);
			path = Darterfish;
			sourceTree = "<group>";
		};
		8AA69AD12A8C5BFC008A853F /* Preview Content */ = {
			isa = PBXGroup;
			children = (
				8AA69AD22A8C5BFC008A853F /* Preview Assets.xcassets */,
			);
			path = "Preview Content";
			sourceTree = "<group>";
		};
		8AA69ADB2A8C5BFD008A853F /* DarterfishTests */ = {
			isa = PBXGroup;
			children = (
				8AA69ADC2A8C5BFD008A853F /* DarterfishTests.swift */,
			);
			path = DarterfishTests;
			sourceTree = "<group>";
		};
		8AA69AE52A8C5BFD008A853F /* DarterfishUITests */ = {
			isa = PBXGroup;
			children = (
				8AA69AE62A8C5BFD008A853F /* DarterfishUITests.swift */,
				8AA69AE82A8C5BFD008A853F /* DarterfishUITestsLaunchTests.swift */,
			);
			path = DarterfishUITests;
			sourceTree = "<group>";
		};
		8AA69AF52A8C6072008A853F /* Pages */ = {
			isa = PBXGroup;
			children = (
				8AA69AF62A8C6080008A853F /* ExplorePage.swift */,
				8AA69AF82A8C60F0008A853F /* SocialPage.swift */,
				8AA69AFA2A8C60FC008A853F /* LibraryPage.swift */,
				8AA69AFC2A8C6115008A853F /* SearchPage.swift */,
				8ADF86462A8F29E500DC2B71 /* ActivityPage.swift */,
			);
			path = Pages;
			sourceTree = "<group>";
		};
		8AA69AFE2A8C6EF8008A853F /* Util */ = {
			isa = PBXGroup;
			children = (
				8A8271202A8DB9C500E24A3E /* Functions.swift */,
				8A8271232A8DCC6000E24A3E /* UserSettings.swift */,
			);
			path = Util;
			sourceTree = "<group>";
		};
		8AA69AFF2A8C6EFE008A853F /* Themes */ = {
			isa = PBXGroup;
			children = (
				8AA69B002A8C6F08008A853F /* Theme.swift */,
				8AA69B0C2A8C72AF008A853F /* ThemeManager.swift */,
				8A665AC32A8F00CB00F64607 /* ThemeDefinitions.swift */,
			);
			path = Themes;
			sourceTree = "<group>";
		};
		8AA69B142A8C7525008A853F /* Fonts */ = {
			isa = PBXGroup;
			children = (
				8AA69B5D2A8C7EFB008A853F /* JosefinSans.ttf */,
				8AA69B4A2A8C7EF1008A853F /* JosefinSans-Bold.ttf */,
				8AA69B492A8C7EF1008A853F /* JosefinSans-BoldItalic.ttf */,
				8AA69B4E2A8C7EF2008A853F /* JosefinSans-ExtraLight.ttf */,
				8AA69B482A8C7EF1008A853F /* JosefinSans-ExtraLightItalic.ttf */,
				8AA69B452A8C7EF0008A853F /* JosefinSans-Italic.ttf */,
				8AA69B412A8C7EEF008A853F /* JosefinSans-Light.ttf */,
				8AA69B422A8C7EF0008A853F /* JosefinSans-LightItalic.ttf */,
				8AA69B472A8C7EF0008A853F /* JosefinSans-Medium.ttf */,
				8AA69B462A8C7EF0008A853F /* JosefinSans-MediumItalic.ttf */,
				8AA69B442A8C7EF0008A853F /* JosefinSans-Regular.ttf */,
				8AA69B4B2A8C7EF1008A853F /* JosefinSans-SemiBold.ttf */,
				8AA69B4C2A8C7EF2008A853F /* JosefinSans-SemiBoldItalic.ttf */,
				8AA69B4D2A8C7EF2008A853F /* JosefinSans-Thin.ttf */,
				8AA69B432A8C7EF0008A853F /* JosefinSans-ThinItalic.ttf */,
			);
			path = Fonts;
			sourceTree = "<group>";
		};
/* End PBXGroup section */

/* Begin PBXNativeTarget section */
		8AA69AC72A8C5BFA008A853F /* Darterfish */ = {
			isa = PBXNativeTarget;
			buildConfigurationList = 8AA69AEC2A8C5BFD008A853F /* Build configuration list for PBXNativeTarget "Darterfish" */;
			buildPhases = (
				8AA69AC42A8C5BFA008A853F /* Sources */,
				8AA69AC52A8C5BFA008A853F /* Frameworks */,
				8AA69AC62A8C5BFA008A853F /* Resources */,
			);
			buildRules = (
			);
			dependencies = (
			);
			name = Darterfish;
			packageProductDependencies = (
				8A82711D2A8DB8BD00E24A3E /* AlertKit */,
			);
			productName = Darterfish;
			productReference = 8AA69AC82A8C5BFA008A853F /* Darterfish.app */;
			productType = "com.apple.product-type.application";
		};
		8AA69AD72A8C5BFD008A853F /* DarterfishTests */ = {
			isa = PBXNativeTarget;
			buildConfigurationList = 8AA69AEF2A8C5BFD008A853F /* Build configuration list for PBXNativeTarget "DarterfishTests" */;
			buildPhases = (
				8AA69AD42A8C5BFD008A853F /* Sources */,
				8AA69AD52A8C5BFD008A853F /* Frameworks */,
				8AA69AD62A8C5BFD008A853F /* Resources */,
			);
			buildRules = (
			);
			dependencies = (
				8AA69ADA2A8C5BFD008A853F /* PBXTargetDependency */,
			);
			name = DarterfishTests;
			productName = DarterfishTests;
			productReference = 8AA69AD82A8C5BFD008A853F /* DarterfishTests.xctest */;
			productType = "com.apple.product-type.bundle.unit-test";
		};
		8AA69AE12A8C5BFD008A853F /* DarterfishUITests */ = {
			isa = PBXNativeTarget;
			buildConfigurationList = 8AA69AF22A8C5BFD008A853F /* Build configuration list for PBXNativeTarget "DarterfishUITests" */;
			buildPhases = (
				8AA69ADE2A8C5BFD008A853F /* Sources */,
				8AA69ADF2A8C5BFD008A853F /* Frameworks */,
				8AA69AE02A8C5BFD008A853F /* Resources */,
			);
			buildRules = (
			);
			dependencies = (
				8AA69AE42A8C5BFD008A853F /* PBXTargetDependency */,
			);
			name = DarterfishUITests;
			productName = DarterfishUITests;
			productReference = 8AA69AE22A8C5BFD008A853F /* DarterfishUITests.xctest */;
			productType = "com.apple.product-type.bundle.ui-testing";
		};
/* End PBXNativeTarget section */

/* Begin PBXProject section */
		8AA69AC02A8C5BFA008A853F /* Project object */ = {
			isa = PBXProject;
			attributes = {
				BuildIndependentTargetsInParallel = 1;
				LastSwiftUpdateCheck = 1500;
				LastUpgradeCheck = 1500;
				TargetAttributes = {
					8AA69AC72A8C5BFA008A853F = {
						CreatedOnToolsVersion = 15.0;
					};
					8AA69AD72A8C5BFD008A853F = {
						CreatedOnToolsVersion = 15.0;
						TestTargetID = 8AA69AC72A8C5BFA008A853F;
					};
					8AA69AE12A8C5BFD008A853F = {
						CreatedOnToolsVersion = 15.0;
						TestTargetID = 8AA69AC72A8C5BFA008A853F;
					};
				};
			};
			buildConfigurationList = 8AA69AC32A8C5BFA008A853F /* Build configuration list for PBXProject "Darterfish" */;
			compatibilityVersion = "Xcode 14.0";
			developmentRegion = en;
			hasScannedForEncodings = 0;
			knownRegions = (
				en,
				Base,
			);
			mainGroup = 8AA69ABF2A8C5BFA008A853F;
			packageReferences = (
				8A82711C2A8DB8BD00E24A3E /* XCRemoteSwiftPackageReference "AlertKit" */,
			);
			productRefGroup = 8AA69AC92A8C5BFA008A853F /* Products */;
			projectDirPath = "";
			projectRoot = "";
			targets = (
				8AA69AC72A8C5BFA008A853F /* Darterfish */,
				8AA69AD72A8C5BFD008A853F /* DarterfishTests */,
				8AA69AE12A8C5BFD008A853F /* DarterfishUITests */,
			);
		};
/* End PBXProject section */

/* Begin PBXResourcesBuildPhase section */
		8AA69AC62A8C5BFA008A853F /* Resources */ = {
			isa = PBXResourcesBuildPhase;
			buildActionMask = 2147483647;
			files = (
				8AA69B562A8C7EF2008A853F /* JosefinSans-ExtraLightItalic.ttf in Resources */,
				8AA69B4F2A8C7EF2008A853F /* JosefinSans-Light.ttf in Resources */,
				8AA69B5C2A8C7EF2008A853F /* JosefinSans-ExtraLight.ttf in Resources */,
				8AA69B5E2A8C7EFB008A853F /* JosefinSans.ttf in Resources */,
				8AA69B522A8C7EF2008A853F /* JosefinSans-Regular.ttf in Resources */,
				8AA69B502A8C7EF2008A853F /* JosefinSans-LightItalic.ttf in Resources */,
				8AA69AD32A8C5BFC008A853F /* Preview Assets.xcassets in Resources */,
				8AA69B582A8C7EF2008A853F /* JosefinSans-Bold.ttf in Resources */,
				8AA69B532A8C7EF2008A853F /* JosefinSans-Italic.ttf in Resources */,
				8AA69AD02A8C5BFC008A853F /* Assets.xcassets in Resources */,
				8AA69B512A8C7EF2008A853F /* JosefinSans-ThinItalic.ttf in Resources */,
				8AA69B592A8C7EF2008A853F /* JosefinSans-SemiBold.ttf in Resources */,
				8AA69B542A8C7EF2008A853F /* JosefinSans-MediumItalic.ttf in Resources */,
				8AA69B552A8C7EF2008A853F /* JosefinSans-Medium.ttf in Resources */,
				8AA69B572A8C7EF2008A853F /* JosefinSans-BoldItalic.ttf in Resources */,
				8AA69B5A2A8C7EF2008A853F /* JosefinSans-SemiBoldItalic.ttf in Resources */,
				8AA69B5B2A8C7EF2008A853F /* JosefinSans-Thin.ttf in Resources */,
			);
			runOnlyForDeploymentPostprocessing = 0;
		};
		8AA69AD62A8C5BFD008A853F /* Resources */ = {
			isa = PBXResourcesBuildPhase;
			buildActionMask = 2147483647;
			files = (
			);
			runOnlyForDeploymentPostprocessing = 0;
		};
		8AA69AE02A8C5BFD008A853F /* Resources */ = {
			isa = PBXResourcesBuildPhase;
			buildActionMask = 2147483647;
			files = (
			);
			runOnlyForDeploymentPostprocessing = 0;
		};
/* End PBXResourcesBuildPhase section */

/* Begin PBXSourcesBuildPhase section */
		8AA69AC42A8C5BFA008A853F /* Sources */ = {
			isa = PBXSourcesBuildPhase;
			buildActionMask = 2147483647;
			files = (
				8AA69AFD2A8C6115008A853F /* SearchPage.swift in Sources */,
				8AA69ACE2A8C5BFA008A853F /* ContentView.swift in Sources */,
				8ADF86472A8F29E500DC2B71 /* ActivityPage.swift in Sources */,
				8AA69ACC2A8C5BFA008A853F /* DarterfishApp.swift in Sources */,
				8A6F82FE2A8D389A00FEFD60 /* BackButton.swift in Sources */,
				8AA69B0D2A8C72AF008A853F /* ThemeManager.swift in Sources */,
				8A6F82F02A8C98F300FEFD60 /* UserSheet.swift in Sources */,
				8A6F82F62A8D2FAA00FEFD60 /* AboutPanel.swift in Sources */,
				8A6F82FA2A8D2FC400FEFD60 /* FiltersPanel.swift in Sources */,
				8A6F82FC2A8D2FD200FEFD60 /* ThemesPanel.swift in Sources */,
				8A6F82ED2A8C965300FEFD60 /* TopBarItems.swift in Sources */,
				8AA69AF72A8C6080008A853F /* ExplorePage.swift in Sources */,
				8A1189EA2A8F0FDA00614F1D /* TabNav.swift in Sources */,
				8A665AC42A8F00CB00F64607 /* ThemeDefinitions.swift in Sources */,
				8A8271242A8DCC6000E24A3E /* UserSettings.swift in Sources */,
				8A8271212A8DB9C500E24A3E /* Functions.swift in Sources */,
				8AA69AFB2A8C60FC008A853F /* LibraryPage.swift in Sources */,
				8AA69AF92A8C60F0008A853F /* SocialPage.swift in Sources */,
				8A6F82F82A8D2FB900FEFD60 /* LocalizationPanel.swift in Sources */,
				8AA69B012A8C6F08008A853F /* Theme.swift in Sources */,
				8A6F82F22A8D274800FEFD60 /* SettingsPanel.swift in Sources */,
			);
			runOnlyForDeploymentPostprocessing = 0;
		};
		8AA69AD42A8C5BFD008A853F /* Sources */ = {
			isa = PBXSourcesBuildPhase;
			buildActionMask = 2147483647;
			files = (
				8AA69ADD2A8C5BFD008A853F /* DarterfishTests.swift in Sources */,
			);
			runOnlyForDeploymentPostprocessing = 0;
		};
		8AA69ADE2A8C5BFD008A853F /* Sources */ = {
			isa = PBXSourcesBuildPhase;
			buildActionMask = 2147483647;
			files = (
				8AA69AE92A8C5BFD008A853F /* DarterfishUITestsLaunchTests.swift in Sources */,
				8AA69AE72A8C5BFD008A853F /* DarterfishUITests.swift in Sources */,
			);
			runOnlyForDeploymentPostprocessing = 0;
		};
/* End PBXSourcesBuildPhase section */

/* Begin PBXTargetDependency section */
		8AA69ADA2A8C5BFD008A853F /* PBXTargetDependency */ = {
			isa = PBXTargetDependency;
			target = 8AA69AC72A8C5BFA008A853F /* Darterfish */;
			targetProxy = 8AA69AD92A8C5BFD008A853F /* PBXContainerItemProxy */;
		};
		8AA69AE42A8C5BFD008A853F /* PBXTargetDependency */ = {
			isa = PBXTargetDependency;
			target = 8AA69AC72A8C5BFA008A853F /* Darterfish */;
			targetProxy = 8AA69AE32A8C5BFD008A853F /* PBXContainerItemProxy */;
		};
/* End PBXTargetDependency section */

/* Begin XCBuildConfiguration section */
		8AA69AEA2A8C5BFD008A853F /* Debug */ = {
			isa = XCBuildConfiguration;
			buildSettings = {
				ALWAYS_SEARCH_USER_PATHS = NO;
				ASSETCATALOG_COMPILER_GENERATE_SWIFT_ASSET_SYMBOL_EXTENSIONS = YES;
				CLANG_ANALYZER_NONNULL = YES;
				CLANG_ANALYZER_NUMBER_OBJECT_CONVERSION = YES_AGGRESSIVE;
				CLANG_CXX_LANGUAGE_STANDARD = "gnu++20";
				CLANG_ENABLE_MODULES = YES;
				CLANG_ENABLE_OBJC_ARC = YES;
				CLANG_ENABLE_OBJC_WEAK = YES;
				CLANG_WARN_BLOCK_CAPTURE_AUTORELEASING = YES;
				CLANG_WARN_BOOL_CONVERSION = YES;
				CLANG_WARN_COMMA = YES;
				CLANG_WARN_CONSTANT_CONVERSION = YES;
				CLANG_WARN_DEPRECATED_OBJC_IMPLEMENTATIONS = YES;
				CLANG_WARN_DIRECT_OBJC_ISA_USAGE = YES_ERROR;
				CLANG_WARN_DOCUMENTATION_COMMENTS = YES;
				CLANG_WARN_EMPTY_BODY = YES;
				CLANG_WARN_ENUM_CONVERSION = YES;
				CLANG_WARN_INFINITE_RECURSION = YES;
				CLANG_WARN_INT_CONVERSION = YES;
				CLANG_WARN_NON_LITERAL_NULL_CONVERSION = YES;
				CLANG_WARN_OBJC_IMPLICIT_RETAIN_SELF = YES;
				CLANG_WARN_OBJC_LITERAL_CONVERSION = YES;
				CLANG_WARN_OBJC_ROOT_CLASS = YES_ERROR;
				CLANG_WARN_QUOTED_INCLUDE_IN_FRAMEWORK_HEADER = YES;
				CLANG_WARN_RANGE_LOOP_ANALYSIS = YES;
				CLANG_WARN_STRICT_PROTOTYPES = YES;
				CLANG_WARN_SUSPICIOUS_MOVE = YES;
				CLANG_WARN_UNGUARDED_AVAILABILITY = YES_AGGRESSIVE;
				CLANG_WARN_UNREACHABLE_CODE = YES;
				CLANG_WARN__DUPLICATE_METHOD_MATCH = YES;
				COPY_PHASE_STRIP = NO;
				DEBUG_INFORMATION_FORMAT = dwarf;
				ENABLE_STRICT_OBJC_MSGSEND = YES;
				ENABLE_TESTABILITY = YES;
				ENABLE_USER_SCRIPT_SANDBOXING = YES;
				GCC_C_LANGUAGE_STANDARD = gnu17;
				GCC_DYNAMIC_NO_PIC = NO;
				GCC_NO_COMMON_BLOCKS = YES;
				GCC_OPTIMIZATION_LEVEL = 0;
				GCC_PREPROCESSOR_DEFINITIONS = (
					"DEBUG=1",
					"$(inherited)",
				);
				GCC_WARN_64_TO_32_BIT_CONVERSION = YES;
				GCC_WARN_ABOUT_RETURN_TYPE = YES_ERROR;
				GCC_WARN_UNDECLARED_SELECTOR = YES;
				GCC_WARN_UNINITIALIZED_AUTOS = YES_AGGRESSIVE;
				GCC_WARN_UNUSED_FUNCTION = YES;
				GCC_WARN_UNUSED_VARIABLE = YES;
				IPHONEOS_DEPLOYMENT_TARGET = 17.0;
				LOCALIZATION_PREFERS_STRING_CATALOGS = YES;
				MTL_ENABLE_DEBUG_INFO = INCLUDE_SOURCE;
				MTL_FAST_MATH = YES;
				ONLY_ACTIVE_ARCH = YES;
				SDKROOT = iphoneos;
				SWIFT_ACTIVE_COMPILATION_CONDITIONS = "DEBUG $(inherited)";
				SWIFT_OPTIMIZATION_LEVEL = "-Onone";
			};
			name = Debug;
		};
		8AA69AEB2A8C5BFD008A853F /* Release */ = {
			isa = XCBuildConfiguration;
			buildSettings = {
				ALWAYS_SEARCH_USER_PATHS = NO;
				ASSETCATALOG_COMPILER_GENERATE_SWIFT_ASSET_SYMBOL_EXTENSIONS = YES;
				CLANG_ANALYZER_NONNULL = YES;
				CLANG_ANALYZER_NUMBER_OBJECT_CONVERSION = YES_AGGRESSIVE;
				CLANG_CXX_LANGUAGE_STANDARD = "gnu++20";
				CLANG_ENABLE_MODULES = YES;
				CLANG_ENABLE_OBJC_ARC = YES;
				CLANG_ENABLE_OBJC_WEAK = YES;
				CLANG_WARN_BLOCK_CAPTURE_AUTORELEASING = YES;
				CLANG_WARN_BOOL_CONVERSION = YES;
				CLANG_WARN_COMMA = YES;
				CLANG_WARN_CONSTANT_CONVERSION = YES;
				CLANG_WARN_DEPRECATED_OBJC_IMPLEMENTATIONS = YES;
				CLANG_WARN_DIRECT_OBJC_ISA_USAGE = YES_ERROR;
				CLANG_WARN_DOCUMENTATION_COMMENTS = YES;
				CLANG_WARN_EMPTY_BODY = YES;
				CLANG_WARN_ENUM_CONVERSION = YES;
				CLANG_WARN_INFINITE_RECURSION = YES;
				CLANG_WARN_INT_CONVERSION = YES;
				CLANG_WARN_NON_LITERAL_NULL_CONVERSION = YES;
				CLANG_WARN_OBJC_IMPLICIT_RETAIN_SELF = YES;
				CLANG_WARN_OBJC_LITERAL_CONVERSION = YES;
				CLANG_WARN_OBJC_ROOT_CLASS = YES_ERROR;
				CLANG_WARN_QUOTED_INCLUDE_IN_FRAMEWORK_HEADER = YES;
				CLANG_WARN_RANGE_LOOP_ANALYSIS = YES;
				CLANG_WARN_STRICT_PROTOTYPES = YES;
				CLANG_WARN_SUSPICIOUS_MOVE = YES;
				CLANG_WARN_UNGUARDED_AVAILABILITY = YES_AGGRESSIVE;
				CLANG_WARN_UNREACHABLE_CODE = YES;
				CLANG_WARN__DUPLICATE_METHOD_MATCH = YES;
				COPY_PHASE_STRIP = NO;
				DEBUG_INFORMATION_FORMAT = "dwarf-with-dsym";
				ENABLE_NS_ASSERTIONS = NO;
				ENABLE_STRICT_OBJC_MSGSEND = YES;
				ENABLE_USER_SCRIPT_SANDBOXING = YES;
				GCC_C_LANGUAGE_STANDARD = gnu17;
				GCC_NO_COMMON_BLOCKS = YES;
				GCC_WARN_64_TO_32_BIT_CONVERSION = YES;
				GCC_WARN_ABOUT_RETURN_TYPE = YES_ERROR;
				GCC_WARN_UNDECLARED_SELECTOR = YES;
				GCC_WARN_UNINITIALIZED_AUTOS = YES_AGGRESSIVE;
				GCC_WARN_UNUSED_FUNCTION = YES;
				GCC_WARN_UNUSED_VARIABLE = YES;
				IPHONEOS_DEPLOYMENT_TARGET = 17.0;
				LOCALIZATION_PREFERS_STRING_CATALOGS = YES;
				MTL_ENABLE_DEBUG_INFO = NO;
				MTL_FAST_MATH = YES;
				SDKROOT = iphoneos;
				SWIFT_COMPILATION_MODE = wholemodule;
				VALIDATE_PRODUCT = YES;
			};
			name = Release;
		};
		8AA69AED2A8C5BFD008A853F /* Debug */ = {
			isa = XCBuildConfiguration;
			buildSettings = {
				ASSETCATALOG_COMPILER_APPICON_NAME = AppIcon;
				ASSETCATALOG_COMPILER_GLOBAL_ACCENT_COLOR_NAME = AccentColor;
				CODE_SIGN_STYLE = Automatic;
				CURRENT_PROJECT_VERSION = 1;
				DEVELOPMENT_ASSET_PATHS = "\"Darterfish/Preview Content\"";
				DEVELOPMENT_TEAM = 2VY4N6ZNDC;
				ENABLE_PREVIEWS = YES;
				GENERATE_INFOPLIST_FILE = YES;
				INFOPLIST_FILE = Darterfish/Info.plist;
				INFOPLIST_KEY_CFBundleDisplayName = Offprint;
				INFOPLIST_KEY_LSApplicationCategoryType = "public.app-category.entertainment";
				INFOPLIST_KEY_UIApplicationSceneManifest_Generation = YES;
				INFOPLIST_KEY_UIApplicationSupportsIndirectInputEvents = YES;
				INFOPLIST_KEY_UILaunchScreen_Generation = YES;
				INFOPLIST_KEY_UISupportedInterfaceOrientations_iPad = "UIInterfaceOrientationPortrait UIInterfaceOrientationPortraitUpsideDown UIInterfaceOrientationLandscapeLeft UIInterfaceOrientationLandscapeRight";
				INFOPLIST_KEY_UISupportedInterfaceOrientations_iPhone = "UIInterfaceOrientationPortrait UIInterfaceOrientationLandscapeLeft UIInterfaceOrientationLandscapeRight";
				LD_RUNPATH_SEARCH_PATHS = (
					"$(inherited)",
					"@executable_path/Frameworks",
				);
				MARKETING_VERSION = 1.0;
				PRODUCT_BUNDLE_IDENTIFIER = OffprintStudios.Darterfish;
				PRODUCT_NAME = "$(TARGET_NAME)";
				SWIFT_EMIT_LOC_STRINGS = YES;
				SWIFT_VERSION = 5.0;
				TARGETED_DEVICE_FAMILY = "1,2";
			};
			name = Debug;
		};
		8AA69AEE2A8C5BFD008A853F /* Release */ = {
			isa = XCBuildConfiguration;
			buildSettings = {
				ASSETCATALOG_COMPILER_APPICON_NAME = AppIcon;
				ASSETCATALOG_COMPILER_GLOBAL_ACCENT_COLOR_NAME = AccentColor;
				CODE_SIGN_STYLE = Automatic;
				CURRENT_PROJECT_VERSION = 1;
				DEVELOPMENT_ASSET_PATHS = "\"Darterfish/Preview Content\"";
				DEVELOPMENT_TEAM = 2VY4N6ZNDC;
				ENABLE_PREVIEWS = YES;
				GENERATE_INFOPLIST_FILE = YES;
				INFOPLIST_FILE = Darterfish/Info.plist;
				INFOPLIST_KEY_CFBundleDisplayName = Offprint;
				INFOPLIST_KEY_LSApplicationCategoryType = "public.app-category.entertainment";
				INFOPLIST_KEY_UIApplicationSceneManifest_Generation = YES;
				INFOPLIST_KEY_UIApplicationSupportsIndirectInputEvents = YES;
				INFOPLIST_KEY_UILaunchScreen_Generation = YES;
				INFOPLIST_KEY_UISupportedInterfaceOrientations_iPad = "UIInterfaceOrientationPortrait UIInterfaceOrientationPortraitUpsideDown UIInterfaceOrientationLandscapeLeft UIInterfaceOrientationLandscapeRight";
				INFOPLIST_KEY_UISupportedInterfaceOrientations_iPhone = "UIInterfaceOrientationPortrait UIInterfaceOrientationLandscapeLeft UIInterfaceOrientationLandscapeRight";
				LD_RUNPATH_SEARCH_PATHS = (
					"$(inherited)",
					"@executable_path/Frameworks",
				);
				MARKETING_VERSION = 1.0;
				PRODUCT_BUNDLE_IDENTIFIER = OffprintStudios.Darterfish;
				PRODUCT_NAME = "$(TARGET_NAME)";
				SWIFT_EMIT_LOC_STRINGS = YES;
				SWIFT_VERSION = 5.0;
				TARGETED_DEVICE_FAMILY = "1,2";
			};
			name = Release;
		};
		8AA69AF02A8C5BFD008A853F /* Debug */ = {
			isa = XCBuildConfiguration;
			buildSettings = {
				ALWAYS_EMBED_SWIFT_STANDARD_LIBRARIES = YES;
				BUNDLE_LOADER = "$(TEST_HOST)";
				CODE_SIGN_STYLE = Automatic;
				CURRENT_PROJECT_VERSION = 1;
				GENERATE_INFOPLIST_FILE = YES;
				IPHONEOS_DEPLOYMENT_TARGET = 17.0;
				MARKETING_VERSION = 1.0;
				PRODUCT_BUNDLE_IDENTIFIER = OffprintStudios.DarterfishTests;
				PRODUCT_NAME = "$(TARGET_NAME)";
				SWIFT_EMIT_LOC_STRINGS = NO;
				SWIFT_VERSION = 5.0;
				TARGETED_DEVICE_FAMILY = "1,2";
				TEST_HOST = "$(BUILT_PRODUCTS_DIR)/Darterfish.app/$(BUNDLE_EXECUTABLE_FOLDER_PATH)/Darterfish";
			};
			name = Debug;
		};
		8AA69AF12A8C5BFD008A853F /* Release */ = {
			isa = XCBuildConfiguration;
			buildSettings = {
				ALWAYS_EMBED_SWIFT_STANDARD_LIBRARIES = YES;
				BUNDLE_LOADER = "$(TEST_HOST)";
				CODE_SIGN_STYLE = Automatic;
				CURRENT_PROJECT_VERSION = 1;
				GENERATE_INFOPLIST_FILE = YES;
				IPHONEOS_DEPLOYMENT_TARGET = 17.0;
				MARKETING_VERSION = 1.0;
				PRODUCT_BUNDLE_IDENTIFIER = OffprintStudios.DarterfishTests;
				PRODUCT_NAME = "$(TARGET_NAME)";
				SWIFT_EMIT_LOC_STRINGS = NO;
				SWIFT_VERSION = 5.0;
				TARGETED_DEVICE_FAMILY = "1,2";
				TEST_HOST = "$(BUILT_PRODUCTS_DIR)/Darterfish.app/$(BUNDLE_EXECUTABLE_FOLDER_PATH)/Darterfish";
			};
			name = Release;
		};
		8AA69AF32A8C5BFD008A853F /* Debug */ = {
			isa = XCBuildConfiguration;
			buildSettings = {
				ALWAYS_EMBED_SWIFT_STANDARD_LIBRARIES = YES;
				CODE_SIGN_STYLE = Automatic;
				CURRENT_PROJECT_VERSION = 1;
				GENERATE_INFOPLIST_FILE = YES;
				MARKETING_VERSION = 1.0;
				PRODUCT_BUNDLE_IDENTIFIER = OffprintStudios.DarterfishUITests;
				PRODUCT_NAME = "$(TARGET_NAME)";
				SWIFT_EMIT_LOC_STRINGS = NO;
				SWIFT_VERSION = 5.0;
				TARGETED_DEVICE_FAMILY = "1,2";
				TEST_TARGET_NAME = Darterfish;
			};
			name = Debug;
		};
		8AA69AF42A8C5BFD008A853F /* Release */ = {
			isa = XCBuildConfiguration;
			buildSettings = {
				ALWAYS_EMBED_SWIFT_STANDARD_LIBRARIES = YES;
				CODE_SIGN_STYLE = Automatic;
				CURRENT_PROJECT_VERSION = 1;
				GENERATE_INFOPLIST_FILE = YES;
				MARKETING_VERSION = 1.0;
				PRODUCT_BUNDLE_IDENTIFIER = OffprintStudios.DarterfishUITests;
				PRODUCT_NAME = "$(TARGET_NAME)";
				SWIFT_EMIT_LOC_STRINGS = NO;
				SWIFT_VERSION = 5.0;
				TARGETED_DEVICE_FAMILY = "1,2";
				TEST_TARGET_NAME = Darterfish;
			};
			name = Release;
		};
/* End XCBuildConfiguration section */

/* Begin XCConfigurationList section */
		8AA69AC32A8C5BFA008A853F /* Build configuration list for PBXProject "Darterfish" */ = {
			isa = XCConfigurationList;
			buildConfigurations = (
				8AA69AEA2A8C5BFD008A853F /* Debug */,
				8AA69AEB2A8C5BFD008A853F /* Release */,
			);
			defaultConfigurationIsVisible = 0;
			defaultConfigurationName = Release;
		};
		8AA69AEC2A8C5BFD008A853F /* Build configuration list for PBXNativeTarget "Darterfish" */ = {
			isa = XCConfigurationList;
			buildConfigurations = (
				8AA69AED2A8C5BFD008A853F /* Debug */,
				8AA69AEE2A8C5BFD008A853F /* Release */,
			);
			defaultConfigurationIsVisible = 0;
			defaultConfigurationName = Release;
		};
		8AA69AEF2A8C5BFD008A853F /* Build configuration list for PBXNativeTarget "DarterfishTests" */ = {
			isa = XCConfigurationList;
			buildConfigurations = (
				8AA69AF02A8C5BFD008A853F /* Debug */,
				8AA69AF12A8C5BFD008A853F /* Release */,
			);
			defaultConfigurationIsVisible = 0;
			defaultConfigurationName = Release;
		};
		8AA69AF22A8C5BFD008A853F /* Build configuration list for PBXNativeTarget "DarterfishUITests" */ = {
			isa = XCConfigurationList;
			buildConfigurations = (
				8AA69AF32A8C5BFD008A853F /* Debug */,
				8AA69AF42A8C5BFD008A853F /* Release */,
			);
			defaultConfigurationIsVisible = 0;
			defaultConfigurationName = Release;
		};
/* End XCConfigurationList section */

/* Begin XCRemoteSwiftPackageReference section */
		8A82711C2A8DB8BD00E24A3E /* XCRemoteSwiftPackageReference "AlertKit" */ = {
			isa = XCRemoteSwiftPackageReference;
			repositoryURL = "https://github.com/sparrowcode/AlertKit";
			requirement = {
				kind = upToNextMajorVersion;
				minimumVersion = 5.0.1;
			};
		};
/* End XCRemoteSwiftPackageReference section */

/* Begin XCSwiftPackageProductDependency section */
		8A82711D2A8DB8BD00E24A3E /* AlertKit */ = {
			isa = XCSwiftPackageProductDependency;
			package = 8A82711C2A8DB8BD00E24A3E /* XCRemoteSwiftPackageReference "AlertKit" */;
			productName = AlertKit;
		};
/* End XCSwiftPackageProductDependency section */
	};
	rootObject = 8AA69AC02A8C5BFA008A853F /* Project object */;
}
